
Microsoft Visual Studio Solution File, Format Version 12.00
# Visual Studio Version 17
VisualStudioVersion = 17.8.34525.116
MinimumVisualStudioVersion = 10.0.40219.1
Project("{FAE04EC0-301F-11D3-BF4B-00C04F79EFBC}") = "MauiAppHotel", "MauiAppHotel\MauiAppHotel.csproj", "{DD692479-B0E3-484A-9ADA-D5E51862863A}"
EndProject
Global
	GlobalSection(SolutionConfigurationPlatforms) = preSolution
		Debug|Any CPU = Debug|Any CPU
		Release|Any CPU = Release|Any CPU
	EndGlobalSection
	GlobalSection(ProjectConfigurationPlatforms) = postSolution
		{DD692479-B0E3-484A-9ADA-D5E51862863A}.Debug|Any CPU.ActiveCfg = Debug|Any CPU
		{DD692479-B0E3-484A-9ADA-D5E51862863A}.Debug|Any CPU.Build.0 = Debug|Any CPU
		{DD692479-B0E3-484A-9ADA-D5E51862863A}.Debug|Any CPU.Deploy.0 = Debug|Any CPU
		{DD692479-B0E3-484A-9ADA-D5E51862863A}.Release|Any CPU.ActiveCfg = Release|Any CPU
		{DD692479-B0E3-484A-9ADA-D5E51862863A}.Release|Any CPU.Build.0 = Release|Any CPU
		{DD692479-B0E3-484A-9ADA-D5E51862863A}.Release|Any CPU.Deploy.0 = Release|Any CPU
	EndGlobalSection
	GlobalSection(SolutionProperties) = preSolution
		HideSolutionNode = FALSE
	EndGlobalSection
	GlobalSection(ExtensibilityGlobals) = postSolution
		SolutionGuid = {292D7331-A7FC-4231-B2D5-D632813E0BFB}
	EndGlobalSection
EndGlobal
